
Microsoft Visual Studio Solution File, Format Version 12.00
# Visual Studio Version 16
VisualStudioVersion = 16.0.30711.63
MinimumVisualStudioVersion = 10.0.40219.1
Project("{FAE04EC0-301F-11D3-BF4B-00C04F79EFBC}") = "Övningsuppgifter 1 - Grunden", "Övningsuppgifter 1 - Grunden.csproj", "{5EB4451C-0BCB-4A88-ABDD-BF0DFFD7C6F6}"
EndProject
Global
	GlobalSection(SolutionConfigurationPlatforms) = preSolution
		Debug|Any CPU = Debug|Any CPU
		Release|Any CPU = Release|Any CPU
	EndGlobalSection
	GlobalSection(ProjectConfigurationPlatforms) = postSolution
		{5EB4451C-0BCB-4A88-ABDD-BF0DFFD7C6F6}.Debug|Any CPU.ActiveCfg = Debug|Any CPU
		{5EB4451C-0BCB-4A88-ABDD-BF0DFFD7C6F6}.Debug|Any CPU.Build.0 = Debug|Any CPU
		{5EB4451C-0BCB-4A88-ABDD-BF0DFFD7C6F6}.Release|Any CPU.ActiveCfg = Release|Any CPU
		{5EB4451C-0BCB-4A88-ABDD-BF0DFFD7C6F6}.Release|Any CPU.Build.0 = Release|Any CPU
	EndGlobalSection
	GlobalSection(SolutionProperties) = preSolution
		HideSolutionNode = FALSE
	EndGlobalSection
	GlobalSection(ExtensibilityGlobals) = postSolution
		SolutionGuid = {53034A36-8921-45EC-B9BB-F8415A6C2600}
	EndGlobalSection
EndGlobal
